
Microsoft Visual Studio Solution File, Format Version 12.00
# Visual Studio 15
VisualStudioVersion = 15.0.28307.421
MinimumVisualStudioVersion = 10.0.40219.1
Project("{FAE04EC0-301F-11D3-BF4B-00C04F79EFBC}") = "BibliotecaOnline", "BibliotecaOnline\BibliotecaOnline.csproj", "{356DCF7B-E467-42F6-8A52-64F8357C843D}"
EndProject
Global
	GlobalSection(SolutionConfigurationPlatforms) = preSolution
		Debug|Any CPU = Debug|Any CPU
		Release|Any CPU = Release|Any CPU
	EndGlobalSection
	GlobalSection(ProjectConfigurationPlatforms) = postSolution
		{356DCF7B-E467-42F6-8A52-64F8357C843D}.Debug|Any CPU.ActiveCfg = Debug|Any CPU
		{356DCF7B-E467-42F6-8A52-64F8357C843D}.Debug|Any CPU.Build.0 = Debug|Any CPU
		{356DCF7B-E467-42F6-8A52-64F8357C843D}.Release|Any CPU.ActiveCfg = Release|Any CPU
		{356DCF7B-E467-42F6-8A52-64F8357C843D}.Release|Any CPU.Build.0 = Release|Any CPU
	EndGlobalSection
	GlobalSection(SolutionProperties) = preSolution
		HideSolutionNode = FALSE
	EndGlobalSection
	GlobalSection(ExtensibilityGlobals) = postSolution
		SolutionGuid = {751E3E03-DE4B-4454-8F47-F5F6E8793E73}
	EndGlobalSection
EndGlobal
